
Microsoft Visual Studio Solution File, Format Version 12.00
# Visual Studio Version 16
VisualStudioVersion = 16.0.30225.117
MinimumVisualStudioVersion = 10.0.40219.1
Project("{FAE04EC0-301F-11D3-BF4B-00C04F79EFBC}") = "SolCharge.Domain", "SolCharge.Domain\SolCharge.Domain.csproj", "{5D6283C2-40C3-4140-BF59-7CAC982723E1}"
EndProject
Project("{FAE04EC0-301F-11D3-BF4B-00C04F79EFBC}") = "SolCharge.Application", "SolCharge.Application\SolCharge.Application.csproj", "{9E670C23-6C3D-45F1-8E34-DAEA2394356D}"
EndProject
Project("{FAE04EC0-301F-11D3-BF4B-00C04F79EFBC}") = "SolCharge.Functions", "SolCharge.Functions\SolCharge.Functions.csproj", "{40675BBD-015D-46F4-8D7D-3959ACC14FF5}"
EndProject
Project("{FAE04EC0-301F-11D3-BF4B-00C04F79EFBC}") = "SolCharge.API", "SolCharge.API\SolCharge.API.csproj", "{93657C61-229F-477C-A66D-5EE06FF3680C}"
EndProject
Project("{FAE04EC0-301F-11D3-BF4B-00C04F79EFBC}") = "SolCharge.Functions.V3", "SolCharge.Functions.V3\SolCharge.Functions.V3.csproj", "{79401F62-A544-4684-B9C1-4848F3A08213}"
EndProject
Global
	GlobalSection(SolutionConfigurationPlatforms) = preSolution
		Debug|Any CPU = Debug|Any CPU
		Release|Any CPU = Release|Any CPU
	EndGlobalSection
	GlobalSection(ProjectConfigurationPlatforms) = postSolution
		{5D6283C2-40C3-4140-BF59-7CAC982723E1}.Debug|Any CPU.ActiveCfg = Debug|Any CPU
		{5D6283C2-40C3-4140-BF59-7CAC982723E1}.Debug|Any CPU.Build.0 = Debug|Any CPU
		{5D6283C2-40C3-4140-BF59-7CAC982723E1}.Release|Any CPU.ActiveCfg = Release|Any CPU
		{5D6283C2-40C3-4140-BF59-7CAC982723E1}.Release|Any CPU.Build.0 = Release|Any CPU
		{9E670C23-6C3D-45F1-8E34-DAEA2394356D}.Debug|Any CPU.ActiveCfg = Debug|Any CPU
		{9E670C23-6C3D-45F1-8E34-DAEA2394356D}.Debug|Any CPU.Build.0 = Debug|Any CPU
		{9E670C23-6C3D-45F1-8E34-DAEA2394356D}.Release|Any CPU.ActiveCfg = Release|Any CPU
		{9E670C23-6C3D-45F1-8E34-DAEA2394356D}.Release|Any CPU.Build.0 = Release|Any CPU
		{40675BBD-015D-46F4-8D7D-3959ACC14FF5}.Debug|Any CPU.ActiveCfg = Debug|Any CPU
		{40675BBD-015D-46F4-8D7D-3959ACC14FF5}.Debug|Any CPU.Build.0 = Debug|Any CPU
		{40675BBD-015D-46F4-8D7D-3959ACC14FF5}.Release|Any CPU.ActiveCfg = Release|Any CPU
		{40675BBD-015D-46F4-8D7D-3959ACC14FF5}.Release|Any CPU.Build.0 = Release|Any CPU
		{93657C61-229F-477C-A66D-5EE06FF3680C}.Debug|Any CPU.ActiveCfg = Debug|Any CPU
		{93657C61-229F-477C-A66D-5EE06FF3680C}.Debug|Any CPU.Build.0 = Debug|Any CPU
		{93657C61-229F-477C-A66D-5EE06FF3680C}.Release|Any CPU.ActiveCfg = Release|Any CPU
		{93657C61-229F-477C-A66D-5EE06FF3680C}.Release|Any CPU.Build.0 = Release|Any CPU
		{79401F62-A544-4684-B9C1-4848F3A08213}.Debug|Any CPU.ActiveCfg = Debug|Any CPU
		{79401F62-A544-4684-B9C1-4848F3A08213}.Debug|Any CPU.Build.0 = Debug|Any CPU
		{79401F62-A544-4684-B9C1-4848F3A08213}.Release|Any CPU.ActiveCfg = Release|Any CPU
		{79401F62-A544-4684-B9C1-4848F3A08213}.Release|Any CPU.Build.0 = Release|Any CPU
	EndGlobalSection
	GlobalSection(SolutionProperties) = preSolution
		HideSolutionNode = FALSE
	EndGlobalSection
	GlobalSection(ExtensibilityGlobals) = postSolution
		SolutionGuid = {234E09B5-0658-47FA-AAD0-358A2292698D}
	EndGlobalSection
EndGlobal
